# This file is automatically @generated by Cargo.
# It is not intended for manual editing.
version = 4

[[package]]
name = "scryrs-adapter-markdown"
version = "0.1.0"
dependencies = [
 "scryrs-types",
]

[[package]]
name = "scryrs-adapter-rspress"
version = "0.1.0"
dependencies = [
 "scryrs-types",
]

[[package]]
name = "scryrs-cli"
version = "0.1.0"
dependencies = [
 "scryrs-adapter-markdown",
 "scryrs-adapter-rspress",
 "scryrs-core",
 "scryrs-curator",
 "scryrs-graph",
 "scryrs-llm",
 "scryrs-policy",
 "scryrs-runtime",
 "scryrs-sandbox",
 "scryrs-telemetry",
 "scryrs-types",
]

[[package]]
name = "scryrs-core"
version = "0.1.0"
dependencies = [
 "scryrs-types",
]

[[package]]
name = "scryrs-curator"
version = "0.1.0"
dependencies = [
 "scryrs-types",
]

[[package]]
name = "scryrs-graph"
version = "0.1.0"
dependencies = [
 "scryrs-types",
]

[[package]]
name = "scryrs-llm"
version = "0.1.0"
dependencies = [
 "scryrs-types",
]

[[package]]
name = "scryrs-policy"
version = "0.1.0"
dependencies = [
 "scryrs-types",
]

[[package]]
name = "scryrs-runtime"
version = "0.1.0"
dependencies = [
 "scryrs-types",
]

[[package]]
name = "scryrs-sandbox"
version = "0.1.0"
dependencies = [
 "scryrs-types",
]

[[package]]
name = "scryrs-telemetry"
version = "0.1.0"
dependencies = [
 "scryrs-types",
]

[[package]]
name = "scryrs-types"
version = "0.1.0"

[[package]]
name = "xtask"
version = "0.1.0"
